
Microsoft Visual Studio Solution File, Format Version 12.00
# Visual Studio 15
VisualStudioVersion = 15.0.27428.2015
MinimumVisualStudioVersion = 10.0.40219.1
Project("{FAE04EC0-301F-11D3-BF4B-00C04F79EFBC}") = "TSP", "TSP\TSP.csproj", "{B1035510-AC41-40A3-BB86-4509D70FFDB3}"
EndProject
Global
	GlobalSection(SolutionConfigurationPlatforms) = preSolution
		Debug|Any CPU = Debug|Any CPU
		Release|Any CPU = Release|Any CPU
	EndGlobalSection
	GlobalSection(ProjectConfigurationPlatforms) = postSolution
		{B1035510-AC41-40A3-BB86-4509D70FFDB3}.Debug|Any CPU.ActiveCfg = Debug|Any CPU
		{B1035510-AC41-40A3-BB86-4509D70FFDB3}.Debug|Any CPU.Build.0 = Debug|Any CPU
		{B1035510-AC41-40A3-BB86-4509D70FFDB3}.Release|Any CPU.ActiveCfg = Release|Any CPU
		{B1035510-AC41-40A3-BB86-4509D70FFDB3}.Release|Any CPU.Build.0 = Release|Any CPU
	EndGlobalSection
	GlobalSection(SolutionProperties) = preSolution
		HideSolutionNode = FALSE
	EndGlobalSection
	GlobalSection(ExtensibilityGlobals) = postSolution
		SolutionGuid = {5B738F9B-EC98-4686-A65B-5484C233EF93}
	EndGlobalSection
EndGlobal
